// !$*UTF8*$!
{
	archiveVersion = 1;
	classes = {
	};
	objectVersion = 46;
	objects = {

/* Begin PBXBuildFile section */
		18453CE11D9E1AC4000F0467 /* main.m in Sources */ = {isa = PBXBuildFile; fileRef = 18453CE01D9E1AC4000F0467 /* main.m */; };
		18453CE41D9E1AC4000F0467 /* AppDelegate.m in Sources */ = {isa = PBXBuildFile; fileRef = 18453CE31D9E1AC4000F0467 /* AppDelegate.m */; };
		18453CE71D9E1AC4000F0467 /* ViewController.m in Sources */ = {isa = PBXBuildFile; fileRef = 18453CE61D9E1AC4000F0467 /* ViewController.m */; };
		18453CEA1D9E1AC4000F0467 /* Main.storyboard in Resources */ = {isa = PBXBuildFile; fileRef = 18453CE81D9E1AC4000F0467 /* Main.storyboard */; };
		18453CEC1D9E1AC4000F0467 /* Assets.xcassets in Resources */ = {isa = PBXBuildFile; fileRef = 18453CEB1D9E1AC4000F0467 /* Assets.xcassets */; };
		18453CEF1D9E1AC4000F0467 /* LaunchScreen.storyboard in Resources */ = {isa = PBXBuildFile; fileRef = 18453CED1D9E1AC4000F0467 /* LaunchScreen.storyboard */; };
		18453CFC1D9E1ADF000F0467 /* ABC.bundle in Resources */ = {isa = PBXBuildFile; fileRef = 18453CF71D9E1ADF000F0467 /* ABC.bundle */; };
		18453CFD1D9E1ADF000F0467 /* demoStr.m in Sources */ = {isa = PBXBuildFile; fileRef = 18453CF91D9E1ADF000F0467 /* demoStr.m */; };
		18453CFE1D9E1ADF000F0467 /* NSBundle+ABC.m in Sources */ = {isa = PBXBuildFile; fileRef = 18453CFB1D9E1ADF000F0467 /* NSBundle+ABC.m */; };
/* End PBXBuildFile section */

/* Begin PBXFileReference section */
		18453CDC1D9E1AC4000F0467 /* demoABC_Example.app */ = {isa = PBXFileReference; explicitFileType = wrapper.application; includeInIndex = 0; path = demoABC_Example.app; sourceTree = BUILT_PRODUCTS_DIR; };
		18453CE01D9E1AC4000F0467 /* main.m */ = {isa = PBXFileReference; lastKnownFileType = sourcecode.c.objc; path = main.m; sourceTree = "<group>"; };
		18453CE21D9E1AC4000F0467 /* AppDelegate.h */ = {isa = PBXFileReference; lastKnownFileType = sourcecode.c.h; path = AppDelegate.h; sourceTree = "<group>"; };
		18453CE31D9E1AC4000F0467 /* AppDelegate.m */ = {isa = PBXFileReference; lastKnownFileType = sourcecode.c.objc; path = AppDelegate.m; sourceTree = "<group>"; };
		18453CE51D9E1AC4000F0467 /* ViewController.h */ = {isa = PBXFileReference; lastKnownFileType = sourcecode.c.h; path = ViewController.h; sourceTree = "<group>"; };
		18453CE61D9E1AC4000F0467 /* ViewController.m */ = {isa = PBXFileReference; lastKnownFileType = sourcecode.c.objc; path = ViewController.m; sourceTree = "<group>"; };
		18453CE91D9E1AC4000F0467 /* Base */ = {isa = PBXFileReference; lastKnownFileType = file.storyboard; name = Base; path = Base.lproj/Main.storyboard; sourceTree = "<group>"; };
		18453CEB1D9E1AC4000F0467 /* Assets.xcassets */ = {isa = PBXFileReference; lastKnownFileType = folder.assetcatalog; path = Assets.xcassets; sourceTree = "<group>"; };
		18453CEE1D9E1AC4000F0467 /* Base */ = {isa = PBXFileReference; lastKnownFileType = file.storyboard; name = Base; path = Base.lproj/LaunchScreen.storyboard; sourceTree = "<group>"; };
		18453CF01D9E1AC4000F0467 /* Info.plist */ = {isa = PBXFileReference; lastKnownFileType = text.plist.xml; path = Info.plist; sourceTree = "<group>"; };
		18453CF71D9E1ADF000F0467 /* ABC.bundle */ = {isa = PBXFileReference; lastKnownFileType = "wrapper.plug-in"; path = ABC.bundle; sourceTree = "<group>"; };
		18453CF81D9E1ADF000F0467 /* demoStr.h */ = {isa = PBXFileReference; fileEncoding = 4; lastKnownFileType = sourcecode.c.h; path = demoStr.h; sourceTree = "<group>"; };
		18453CF91D9E1ADF000F0467 /* demoStr.m */ = {isa = PBXFileReference; fileEncoding = 4; lastKnownFileType = sourcecode.c.objc; path = demoStr.m; sourceTree = "<group>"; };
		18453CFA1D9E1ADF000F0467 /* NSBundle+ABC.h */ = {isa = PBXFileReference; fileEncoding = 4; lastKnownFileType = sourcecode.c.h; path = "NSBundle+ABC.h"; sourceTree = "<group>"; };
		18453CFB1D9E1ADF000F0467 /* NSBundle+ABC.m */ = {isa = PBXFileReference; fileEncoding = 4; lastKnownFileType = sourcecode.c.objc; path = "NSBundle+ABC.m"; sourceTree = "<group>"; };
/* End PBXFileReference section */

/* Begin PBXFrameworksBuildPhase section */
		18453CD91D9E1AC4000F0467 /* Frameworks */ = {
			isa = PBXFrameworksBuildPhase;
			buildActionMask = 2147483647;
			files = (
			);
			runOnlyForDeploymentPostprocessing = 0;
		};
/* End PBXFrameworksBuildPhase section */

/* Begin PBXGroup section */
		18453CD31D9E1AC4000F0467 = {
			isa = PBXGroup;
			children = (
				18453CDE1D9E1AC4000F0467 /* demoABC_Example */,
				18453CDD1D9E1AC4000F0467 /* Products */,
			);
			sourceTree = "<group>";
		};
		18453CDD1D9E1AC4000F0467 /* Products */ = {
			isa = PBXGroup;
			children = (
				18453CDC1D9E1AC4000F0467 /* demoABC_Example.app */,
			);
			name = Products;
			sourceTree = "<group>";
		};
		18453CDE1D9E1AC4000F0467 /* demoABC_Example */ = {
			isa = PBXGroup;
			children = (
				18453CF61D9E1ADF000F0467 /* demoABC */,
				18453CE21D9E1AC4000F0467 /* AppDelegate.h */,
				18453CE31D9E1AC4000F0467 /* AppDelegate.m */,
				18453CE51D9E1AC4000F0467 /* ViewController.h */,
				18453CE61D9E1AC4000F0467 /* ViewController.m */,
				18453CE81D9E1AC4000F0467 /* Main.storyboard */,
				18453CEB1D9E1AC4000F0467 /* Assets.xcassets */,
				18453CED1D9E1AC4000F0467 /* LaunchScreen.storyboard */,
				18453CF01D9E1AC4000F0467 /* Info.plist */,
				18453CDF1D9E1AC4000F0467 /* Supporting Files */,
			);
			path = demoABC_Example;
			sourceTree = "<group>";
		};
		18453CDF1D9E1AC4000F0467 /* Supporting Files */ = {
			isa = PBXGroup;
			children = (
				18453CE01D9E1AC4000F0467 /* main.m */,
			);
			name = "Supporting Files";
			sourceTree = "<group>";
		};
		18453CF61D9E1ADF000F0467 /* demoABC */ = {
			isa = PBXGroup;
			children = (
				18453CF71D9E1ADF000F0467 /* ABC.bundle */,
				18453CF81D9E1ADF000F0467 /* demoStr.h */,
				18453CF91D9E1ADF000F0467 /* demoStr.m */,
				18453CFA1D9E1ADF000F0467 /* NSBundle+ABC.h */,
				18453CFB1D9E1ADF000F0467 /* NSBundle+ABC.m */,
			);
			name = demoABC;
			path = ../../demoABC;
			sourceTree = "<group>";
		};
/* End PBXGroup section */

/* Begin PBXNativeTarget section */
		18453CDB1D9E1AC4000F0467 /* demoABC_Example */ = {
			isa = PBXNativeTarget;
			buildConfigurationList = 18453CF31D9E1AC4000F0467 /* Build configuration list for PBXNativeTarget "demoABC_Example" */;
			buildPhases = (
				18453CD81D9E1AC4000F0467 /* Sources */,
				18453CD91D9E1AC4000F0467 /* Frameworks */,
				18453CDA1D9E1AC4000F0467 /* Resources */,
			);
			buildRules = (
			);
			dependencies = (
			);
			name = demoABC_Example;
			productName = demoABC_Example;
			productReference = 18453CDC1D9E1AC4000F0467 /* demoABC_Example.app */;
			productType = "com.apple.product-type.application";
		};
/* End PBXNativeTarget section */

/* Begin PBXProject section */
		18453CD41D9E1AC4000F0467 /* Project object */ = {
			isa = PBXProject;
			attributes = {
				LastUpgradeCheck = 0720;
				ORGANIZATIONNAME = app;
				TargetAttributes = {
					18453CDB1D9E1AC4000F0467 = {
						CreatedOnToolsVersion = 7.2;
					};
				};
			};
			buildConfigurationList = 18453CD71D9E1AC4000F0467 /* Build configuration list for PBXProject "demoABC_Example" */;
			compatibilityVersion = "Xcode 3.2";
			developmentRegion = English;
			hasScannedForEncodings = 0;
			knownRegions = (
				en,
				Base,
			);
			mainGroup = 18453CD31D9E1AC4000F0467;
			productRefGroup = 18453CDD1D9E1AC4000F0467 /* Products */;
			projectDirPath = "";
			projectRoot = "";
			targets = (
				18453CDB1D9E1AC4000F0467 /* demoABC_Example */,
			);
		};
/* End PBXProject section */

/* Begin PBXResourcesBuildPhase section */
		18453CDA1D9E1AC4000F0467 /* Resources */ = {
			isa = PBXResourcesBuildPhase;
			buildActionMask = 2147483647;
			files = (
				18453CFC1D9E1ADF000F0467 /* ABC.bundle in Resources */,
				18453CEF1D9E1AC4000F0467 /* LaunchScreen.storyboard in Resources */,
				18453CEC1D9E1AC4000F0467 /* Assets.xcassets in Resources */,
				18453CEA1D9E1AC4000F0467 /* Main.storyboard in Resources */,
			);
			runOnlyForDeploymentPostprocessing = 0;
		};
/* End PBXResourcesBuildPhase section */

/* Begin PBXSourcesBuildPhase section */
		18453CD81D9E1AC4000F0467 /* Sources */ = {
			isa = PBXSourcesBuildPhase;
			buildActionMask = 2147483647;
			files = (
				18453CE71D9E1AC4000F0467 /* ViewController.m in Sources */,
				18453CE41D9E1AC4000F0467 /* AppDelegate.m in Sources */,
				18453CFD1D9E1ADF000F0467 /* demoStr.m in Sources */,
				18453CFE1D9E1ADF000F0467 /* NSBundle+ABC.m in Sources */,
				18453CE11D9E1AC4000F0467 /* main.m in Sources */,
			);
			runOnlyForDeploymentPostprocessing = 0;
		};
/* End PBXSourcesBuildPhase section */

/* Begin PBXVariantGroup section */
		18453CE81D9E1AC4000F0467 /* Main.storyboard */ = {
			isa = PBXVariantGroup;
			children = (
				18453CE91D9E1AC4000F0467 /* Base */,
			);
			name = Main.storyboard;
			sourceTree = "<group>";
		};
		18453CED1D9E1AC4000F0467 /* LaunchScreen.storyboard */ = {
			isa = PBXVariantGroup;
			children = (
				18453CEE1D9E1AC4000F0467 /* Base */,
			);
			name = LaunchScreen.storyboard;
			sourceTree = "<group>";
		};
/* End PBXVariantGroup section */

/* Begin XCBuildConfiguration section */
		18453CF11D9E1AC4000F0467 /* Debug */ = {
			isa = XCBuildConfiguration;
			buildSettings = {
				ALWAYS_SEARCH_USER_PATHS = NO;
				CLANG_CXX_LANGUAGE_STANDARD = "gnu++0x";
				CLANG_CXX_LIBRARY = "libc++";
				CLANG_ENABLE_MODULES = YES;
				CLANG_ENABLE_OBJC_ARC = YES;
				CLANG_WARN_BOOL_CONVERSION = YES;
				CLANG_WARN_CONSTANT_CONVERSION = YES;
				CLANG_WARN_DIRECT_OBJC_ISA_USAGE = YES_ERROR;
				CLANG_WARN_EMPTY_BODY = YES;
				CLANG_WARN_ENUM_CONVERSION = YES;
				CLANG_WARN_INT_CONVERSION = YES;
				CLANG_WARN_OBJC_ROOT_CLASS = YES_ERROR;
				CLANG_WARN_UNREACHABLE_CODE = YES;
				CLANG_WARN__DUPLICATE_METHOD_MATCH = YES;
				"CODE_SIGN_IDENTITY[sdk=iphoneos*]" = "iPhone Developer";
				COPY_PHASE_STRIP = NO;
				DEBUG_INFORMATION_FORMAT = dwarf;
				ENABLE_STRICT_OBJC_MSGSEND = YES;
				ENABLE_TESTABILITY = YES;
				GCC_C_LANGUAGE_STANDARD = gnu99;
				GCC_DYNAMIC_NO_PIC = NO;
				GCC_NO_COMMON_BLOCKS = YES;
				GCC_OPTIMIZATION_LEVEL = 0;
				GCC_PREPROCESSOR_DEFINITIONS = (
					"DEBUG=1",
					"$(inherited)",
				);
				GCC_WARN_64_TO_32_BIT_CONVERSION = YES;
				GCC_WARN_ABOUT_RETURN_TYPE = YES_ERROR;
				GCC_WARN_UNDECLARED_SELECTOR = YES;
				GCC_WARN_UNINITIALIZED_AUTOS = YES_AGGRESSIVE;
				GCC_WARN_UNUSED_FUNCTION = YES;
				GCC_WARN_UNUSED_VARIABLE = YES;
				IPHONEOS_DEPLOYMENT_TARGET = 9.2;
				MTL_ENABLE_DEBUG_INFO = YES;
				ONLY_ACTIVE_ARCH = YES;
				SDKROOT = iphoneos;
			};
			name = Debug;
		};
		18453CF21D9E1AC4000F0467 /* Release */ = {
			isa = XCBuildConfiguration;
			buildSettings = {
				ALWAYS_SEARCH_USER_PATHS = NO;
				CLANG_CXX_LANGUAGE_STANDARD = "gnu++0x";
				CLANG_CXX_LIBRARY = "libc++";
				CLANG_ENABLE_MODULES = YES;
				CLANG_ENABLE_OBJC_ARC = YES;
				CLANG_WARN_BOOL_CONVERSION = YES;
				CLANG_WARN_CONSTANT_CONVERSION = YES;
				CLANG_WARN_DIRECT_OBJC_ISA_USAGE = YES_ERROR;
				CLANG_WARN_EMPTY_BODY = YES;
				CLANG_WARN_ENUM_CONVERSION = YES;
				CLANG_WARN_INT_CONVERSION = YES;
				CLANG_WARN_OBJC_ROOT_CLASS = YES_ERROR;
				CLANG_WARN_UNREACHABLE_CODE = YES;
				CLANG_WARN__DUPLICATE_METHOD_MATCH = YES;
				"CODE_SIGN_IDENTITY[sdk=iphoneos*]" = "iPhone Developer";
				COPY_PHASE_STRIP = NO;
				DEBUG_INFORMATION_FORMAT = "dwarf-with-dsym";
				ENABLE_NS_ASSERTIONS = NO;
				ENABLE_STRICT_OBJC_MSGSEND = YES;
				GCC_C_LANGUAGE_STANDARD = gnu99;
				GCC_NO_COMMON_BLOCKS = YES;
				GCC_WARN_64_TO_32_BIT_CONVERSION = YES;
				GCC_WARN_ABOUT_RETURN_TYPE = YES_ERROR;
				GCC_WARN_UNDECLARED_SELECTOR = YES;
				GCC_WARN_UNINITIALIZED_AUTOS = YES_AGGRESSIVE;
				GCC_WARN_UNUSED_FUNCTION = YES;
				GCC_WARN_UNUSED_VARIABLE = YES;
				IPHONEOS_DEPLOYMENT_TARGET = 9.2;
				MTL_ENABLE_DEBUG_INFO = NO;
				SDKROOT = iphoneos;
				VALIDATE_PRODUCT = YES;
			};
			name = Release;
		};
		18453CF41D9E1AC4000F0467 /* Debug */ = {
			isa = XCBuildConfiguration;
			buildSettings = {
				ASSETCATALOG_COMPILER_APPICON_NAME = AppIcon;
				INFOPLIST_FILE = demoABC_Example/Info.plist;
				LD_RUNPATH_SEARCH_PATHS = "$(inherited) @executable_path/Frameworks";
				PRODUCT_BUNDLE_IDENTIFIER = "com.app.ios.demoABC-Example";
				PRODUCT_NAME = "$(TARGET_NAME)";
			};
			name = Debug;
		};
		18453CF51D9E1AC4000F0467 /* Release */ = {
			isa = XCBuildConfiguration;
			buildSettings = {
				ASSETCATALOG_COMPILER_APPICON_NAME = AppIcon;
				INFOPLIST_FILE = demoABC_Example/Info.plist;
				LD_RUNPATH_SEARCH_PATHS = "$(inherited) @executable_path/Frameworks";
				PRODUCT_BUNDLE_IDENTIFIER = "com.app.ios.demoABC-Example";
				PRODUCT_NAME = "$(TARGET_NAME)";
			};
			name = Release;
		};
/* End XCBuildConfiguration section */

/* Begin XCConfigurationList section */
		18453CD71D9E1AC4000F0467 /* Build configuration list for PBXProject "demoABC_Example" */ = {
			isa = XCConfigurationList;
			buildConfigurations = (
				18453CF11D9E1AC4000F0467 /* Debug */,
				18453CF21D9E1AC4000F0467 /* Release */,
			);
			defaultConfigurationIsVisible = 0;
			defaultConfigurationName = Release;
		};
		18453CF31D9E1AC4000F0467 /* Build configuration list for PBXNativeTarget "demoABC_Example" */ = {
			isa = XCConfigurationList;
			buildConfigurations = (
				18453CF41D9E1AC4000F0467 /* Debug */,
				18453CF51D9E1AC4000F0467 /* Release */,
			);
			defaultConfigurationIsVisible = 0;
		};
/* End XCConfigurationList section */
	};
	rootObject = 18453CD41D9E1AC4000F0467 /* Project object */;
}
